
Microsoft Visual Studio Solution File, Format Version 12.00
# Visual Studio 2013
VisualStudioVersion = 12.0.31101.0
MinimumVisualStudioVersion = 10.0.40219.1
Project("{FAE04EC0-301F-11D3-BF4B-00C04F79EFBC}") = "SizeOperations", "SizeOperations\SizeOperations.csproj", "{6369697E-B02C-4614-AB7D-2B66A6C69B37}"
EndProject
Project("{FAE04EC0-301F-11D3-BF4B-00C04F79EFBC}") = "Statistics", "PrintStatistics\Statistics.csproj", "{B3852CE3-CF42-462F-84EE-638A97757E1D}"
EndProject
Global
	GlobalSection(SolutionConfigurationPlatforms) = preSolution
		Debug|Any CPU = Debug|Any CPU
		Release|Any CPU = Release|Any CPU
	EndGlobalSection
	GlobalSection(ProjectConfigurationPlatforms) = postSolution
		{6369697E-B02C-4614-AB7D-2B66A6C69B37}.Debug|Any CPU.ActiveCfg = Debug|Any CPU
		{6369697E-B02C-4614-AB7D-2B66A6C69B37}.Debug|Any CPU.Build.0 = Debug|Any CPU
		{6369697E-B02C-4614-AB7D-2B66A6C69B37}.Release|Any CPU.ActiveCfg = Release|Any CPU
		{6369697E-B02C-4614-AB7D-2B66A6C69B37}.Release|Any CPU.Build.0 = Release|Any CPU
		{B3852CE3-CF42-462F-84EE-638A97757E1D}.Debug|Any CPU.ActiveCfg = Debug|Any CPU
		{B3852CE3-CF42-462F-84EE-638A97757E1D}.Debug|Any CPU.Build.0 = Debug|Any CPU
		{B3852CE3-CF42-462F-84EE-638A97757E1D}.Release|Any CPU.ActiveCfg = Release|Any CPU
		{B3852CE3-CF42-462F-84EE-638A97757E1D}.Release|Any CPU.Build.0 = Release|Any CPU
	EndGlobalSection
	GlobalSection(SolutionProperties) = preSolution
		HideSolutionNode = FALSE
	EndGlobalSection
EndGlobal
